{
  "name": "liuyao",
  "version": "2.0.0",
  "lockfileVersion": 3,
  "requires": true,
  "packages": {
    "": {
      "name": "liuyao",
      "version": "2.0.0",
      "devDependencies": {
        "@taoracle/najia": "^0.1.0",
        "iching-shifa": "^1.8.0",
        "lunar-javascript": "^1.7.3"
      }
    },
    "node_modules/@taoracle/najia": {
      "version": "0.1.0",
      "resolved": "https://registry.npmjs.org/@taoracle/najia/-/najia-0.1.0.tgz",
      "integrity": "sha512-Cj0rCCo7yF7Bs0wI4FFDT/6rxxo+d1S56igqvEQ4lar64dosl+eMvhJVagYzCtcOKWtkKXCIo/UQcQxfiSSZgg==",
      "dev": true,
      "license": "MIT",
      "dependencies": {
        "tyme4ts": "^1.5.2"
      },
      "engines": {
        "node": ">=18"
      }
    },
    "node_modules/iching-shifa": {
      "version": "1.8.0",
      "resolved": "https://registry.npmjs.org/iching-shifa/-/iching-shifa-1.8.0.tgz",
      "integrity": "sha512-Ym4tC1i3VUkNM11HqIaJSN8q6lzVsjeF5kQHpvpgnmFBslSoaJ9kZUrpJqryyBQAxF0lz8MlserMJ5TZokXmOA==",
      "dev": true,
      "license": "GPL-3.0-or-later",
      "dependencies": {
        "tyme4ts": "^1.5.0"
      }
    },
    "node_modules/lunar-javascript": {
      "version": "1.7.7",
      "resolved": "https://registry.npmjs.org/lunar-javascript/-/lunar-javascript-1.7.7.tgz",
      "integrity": "sha512-u/KYiwPIBo/0bT+WWfU7qO1d+aqeB90Tuy4ErXenr2Gam0QcWeezUvtiOIyXR7HbVnW2I1DKfU0NBvzMZhbVQw==",
      "dev": true,
      "license": "MIT"
    },
    "node_modules/tyme4ts": {
      "version": "1.5.2",
      "resolved": "https://registry.npmjs.org/tyme4ts/-/tyme4ts-1.5.2.tgz",
      "integrity": "sha512-vVAjUv1ieXleS7hCOgjAoHaZ0BdNJIza0uDOhXNpndegqWQh9ytKMR0fjkG869yqLtpXAHnzNSouBg28nrIaAg==",
      "dev": true,
      "license": "MIT"
    }
  }
}
